// !$*UTF8*$!
{
	archiveVersion = 1;
	classes = {
	};
	objectVersion = 46;
	objects = {

/* Begin PBXBuildFile section */
		6E5358DD1D70FC55001333C3 /* AppDelegate.swift in Sources */ = {isa = PBXBuildFile; fileRef = 6E5358DC1D70FC55001333C3 /* AppDelegate.swift */; };
		6E5358DF1D70FC55001333C3 /* ViewController.swift in Sources */ = {isa = PBXBuildFile; fileRef = 6E5358DE1D70FC55001333C3 /* ViewController.swift */; };
		6E5358E21D70FC55001333C3 /* Main.storyboard in Resources */ = {isa = PBXBuildFile; fileRef = 6E5358E01D70FC55001333C3 /* Main.storyboard */; };
		6E5358E41D70FC55001333C3 /* Assets.xcassets in Resources */ = {isa = PBXBuildFile; fileRef = 6E5358E31D70FC55001333C3 /* Assets.xcassets */; };
		6E5358E71D70FC55001333C3 /* LaunchScreen.storyboard in Resources */ = {isa = PBXBuildFile; fileRef = 6E5358E51D70FC55001333C3 /* LaunchScreen.storyboard */; };
		6E5358F21D70FC55001333C3 /* Fun_FactsTests.swift in Sources */ = {isa = PBXBuildFile; fileRef = 6E5358F11D70FC55001333C3 /* Fun_FactsTests.swift */; };
		6E5358FD1D70FC55001333C3 /* Fun_FactsUITests.swift in Sources */ = {isa = PBXBuildFile; fileRef = 6E5358FC1D70FC55001333C3 /* Fun_FactsUITests.swift */; };
/* End PBXBuildFile section */

/* Begin PBXContainerItemProxy section */
		6E5358EE1D70FC55001333C3 /* PBXContainerItemProxy */ = {
			isa = PBXContainerItemProxy;
			containerPortal = 6E5358D11D70FC55001333C3 /* Project object */;
			proxyType = 1;
			remoteGlobalIDString = 6E5358D81D70FC55001333C3;
			remoteInfo = "Fun-Facts";
		};
		6E5358F91D70FC55001333C3 /* PBXContainerItemProxy */ = {
			isa = PBXContainerItemProxy;
			containerPortal = 6E5358D11D70FC55001333C3 /* Project object */;
			proxyType = 1;
			remoteGlobalIDString = 6E5358D81D70FC55001333C3;
			remoteInfo = "Fun-Facts";
		};
/* End PBXContainerItemProxy section */

/* Begin PBXFileReference section */
		6E5358D91D70FC55001333C3 /* Fun-Facts.app */ = {isa = PBXFileReference; explicitFileType = wrapper.application; includeInIndex = 0; path = "Fun-Facts.app"; sourceTree = BUILT_PRODUCTS_DIR; };
		6E5358DC1D70FC55001333C3 /* AppDelegate.swift */ = {isa = PBXFileReference; lastKnownFileType = sourcecode.swift; path = AppDelegate.swift; sourceTree = "<group>"; };
		6E5358DE1D70FC55001333C3 /* ViewController.swift */ = {isa = PBXFileReference; lastKnownFileType = sourcecode.swift; path = ViewController.swift; sourceTree = "<group>"; };
		6E5358E11D70FC55001333C3 /* Base */ = {isa = PBXFileReference; lastKnownFileType = file.storyboard; name = Base; path = Base.lproj/Main.storyboard; sourceTree = "<group>"; };
		6E5358E31D70FC55001333C3 /* Assets.xcassets */ = {isa = PBXFileReference; lastKnownFileType = folder.assetcatalog; path = Assets.xcassets; sourceTree = "<group>"; };
		6E5358E61D70FC55001333C3 /* Base */ = {isa = PBXFileReference; lastKnownFileType = file.storyboard; name = Base; path = Base.lproj/LaunchScreen.storyboard; sourceTree = "<group>"; };
		6E5358E81D70FC55001333C3 /* Info.plist */ = {isa = PBXFileReference; lastKnownFileType = text.plist.xml; path = Info.plist; sourceTree = "<group>"; };
		6E5358ED1D70FC55001333C3 /* Fun-FactsTests.xctest */ = {isa = PBXFileReference; explicitFileType = wrapper.cfbundle; includeInIndex = 0; path = "Fun-FactsTests.xctest"; sourceTree = BUILT_PRODUCTS_DIR; };
		6E5358F11D70FC55001333C3 /* Fun_FactsTests.swift */ = {isa = PBXFileReference; lastKnownFileType = sourcecode.swift; path = Fun_FactsTests.swift; sourceTree = "<group>"; };
		6E5358F31D70FC55001333C3 /* Info.plist */ = {isa = PBXFileReference; lastKnownFileType = text.plist.xml; path = Info.plist; sourceTree = "<group>"; };
		6E5358F81D70FC55001333C3 /* Fun-FactsUITests.xctest */ = {isa = PBXFileReference; explicitFileType = wrapper.cfbundle; includeInIndex = 0; path = "Fun-FactsUITests.xctest"; sourceTree = BUILT_PRODUCTS_DIR; };
		6E5358FC1D70FC55001333C3 /* Fun_FactsUITests.swift */ = {isa = PBXFileReference; lastKnownFileType = sourcecode.swift; path = Fun_FactsUITests.swift; sourceTree = "<group>"; };
		6E5358FE1D70FC55001333C3 /* Info.plist */ = {isa = PBXFileReference; lastKnownFileType = text.plist.xml; path = Info.plist; sourceTree = "<group>"; };
/* End PBXFileReference section */

/* Begin PBXFrameworksBuildPhase section */
		6E5358D61D70FC55001333C3 /* Frameworks */ = {
			isa = PBXFrameworksBuildPhase;
			buildActionMask = 2147483647;
			files = (
			);
			runOnlyForDeploymentPostprocessing = 0;
		};
		6E5358EA1D70FC55001333C3 /* Frameworks */ = {
			isa = PBXFrameworksBuildPhase;
			buildActionMask = 2147483647;
			files = (
			);
			runOnlyForDeploymentPostprocessing = 0;
		};
		6E5358F51D70FC55001333C3 /* Frameworks */ = {
			isa = PBXFrameworksBuildPhase;
			buildActionMask = 2147483647;
			files = (
			);
			runOnlyForDeploymentPostprocessing = 0;
		};
/* End PBXFrameworksBuildPhase section */

/* Begin PBXGroup section */
		6E5358D01D70FC55001333C3 = {
			isa = PBXGroup;
			children = (
				6E5358DB1D70FC55001333C3 /* Fun-Facts */,
				6E5358F01D70FC55001333C3 /* Fun-FactsTests */,
				6E5358FB1D70FC55001333C3 /* Fun-FactsUITests */,
				6E5358DA1D70FC55001333C3 /* Products */,
			);
			sourceTree = "<group>";
		};
		6E5358DA1D70FC55001333C3 /* Products */ = {
			isa = PBXGroup;
			children = (
				6E5358D91D70FC55001333C3 /* Fun-Facts.app */,
				6E5358ED1D70FC55001333C3 /* Fun-FactsTests.xctest */,
				6E5358F81D70FC55001333C3 /* Fun-FactsUITests.xctest */,
			);
			name = Products;
			sourceTree = "<group>";
		};
		6E5358DB1D70FC55001333C3 /* Fun-Facts */ = {
			isa = PBXGroup;
			children = (
				6E5358DC1D70FC55001333C3 /* AppDelegate.swift */,
				6E5358DE1D70FC55001333C3 /* ViewController.swift */,
				6E5358E01D70FC55001333C3 /* Main.storyboard */,
				6E5358E31D70FC55001333C3 /* Assets.xcassets */,
				6E5358E51D70FC55001333C3 /* LaunchScreen.storyboard */,
				6E5358E81D70FC55001333C3 /* Info.plist */,
			);
			path = "Fun-Facts";
			sourceTree = "<group>";
		};
		6E5358F01D70FC55001333C3 /* Fun-FactsTests */ = {
			isa = PBXGroup;
			children = (
				6E5358F11D70FC55001333C3 /* Fun_FactsTests.swift */,
				6E5358F31D70FC55001333C3 /* Info.plist */,
			);
			path = "Fun-FactsTests";
			sourceTree = "<group>";
		};
		6E5358FB1D70FC55001333C3 /* Fun-FactsUITests */ = {
			isa = PBXGroup;
			children = (
				6E5358FC1D70FC55001333C3 /* Fun_FactsUITests.swift */,
				6E5358FE1D70FC55001333C3 /* Info.plist */,
			);
			path = "Fun-FactsUITests";
			sourceTree = "<group>";
		};
/* End PBXGroup section */

/* Begin PBXNativeTarget section */
		6E5358D81D70FC55001333C3 /* Fun-Facts */ = {
			isa = PBXNativeTarget;
			buildConfigurationList = 6E5359011D70FC55001333C3 /* Build configuration list for PBXNativeTarget "Fun-Facts" */;
			buildPhases = (
				6E5358D51D70FC55001333C3 /* Sources */,
				6E5358D61D70FC55001333C3 /* Frameworks */,
				6E5358D71D70FC55001333C3 /* Resources */,
			);
			buildRules = (
			);
			dependencies = (
			);
			name = "Fun-Facts";
			productName = "Fun-Facts";
			productReference = 6E5358D91D70FC55001333C3 /* Fun-Facts.app */;
			productType = "com.apple.product-type.application";
		};
		6E5358EC1D70FC55001333C3 /* Fun-FactsTests */ = {
			isa = PBXNativeTarget;
			buildConfigurationList = 6E5359041D70FC55001333C3 /* Build configuration list for PBXNativeTarget "Fun-FactsTests" */;
			buildPhases = (
				6E5358E91D70FC55001333C3 /* Sources */,
				6E5358EA1D70FC55001333C3 /* Frameworks */,
				6E5358EB1D70FC55001333C3 /* Resources */,
			);
			buildRules = (
			);
			dependencies = (
				6E5358EF1D70FC55001333C3 /* PBXTargetDependency */,
			);
			name = "Fun-FactsTests";
			productName = "Fun-FactsTests";
			productReference = 6E5358ED1D70FC55001333C3 /* Fun-FactsTests.xctest */;
			productType = "com.apple.product-type.bundle.unit-test";
		};
		6E5358F71D70FC55001333C3 /* Fun-FactsUITests */ = {
			isa = PBXNativeTarget;
			buildConfigurationList = 6E5359071D70FC55001333C3 /* Build configuration list for PBXNativeTarget "Fun-FactsUITests" */;
			buildPhases = (
				6E5358F41D70FC55001333C3 /* Sources */,
				6E5358F51D70FC55001333C3 /* Frameworks */,
				6E5358F61D70FC55001333C3 /* Resources */,
			);
			buildRules = (
			);
			dependencies = (
				6E5358FA1D70FC55001333C3 /* PBXTargetDependency */,
			);
			name = "Fun-FactsUITests";
			productName = "Fun-FactsUITests";
			productReference = 6E5358F81D70FC55001333C3 /* Fun-FactsUITests.xctest */;
			productType = "com.apple.product-type.bundle.ui-testing";
		};
/* End PBXNativeTarget section */

/* Begin PBXProject section */
		6E5358D11D70FC55001333C3 /* Project object */ = {
			isa = PBXProject;
			attributes = {
				LastSwiftUpdateCheck = 0730;
				LastUpgradeCheck = 0730;
				ORGANIZATIONNAME = "Zulwiyoza Putra";
				TargetAttributes = {
					6E5358D81D70FC55001333C3 = {
						CreatedOnToolsVersion = 7.3.1;
					};
					6E5358EC1D70FC55001333C3 = {
						CreatedOnToolsVersion = 7.3.1;
						TestTargetID = 6E5358D81D70FC55001333C3;
					};
					6E5358F71D70FC55001333C3 = {
						CreatedOnToolsVersion = 7.3.1;
						TestTargetID = 6E5358D81D70FC55001333C3;
					};
				};
			};
			buildConfigurationList = 6E5358D41D70FC55001333C3 /* Build configuration list for PBXProject "Fun-Facts" */;
			compatibilityVersion = "Xcode 3.2";
			developmentRegion = English;
			hasScannedForEncodings = 0;
			knownRegions = (
				en,
				Base,
			);
			mainGroup = 6E5358D01D70FC55001333C3;
			productRefGroup = 6E5358DA1D70FC55001333C3 /* Products */;
			projectDirPath = "";
			projectRoot = "";
			targets = (
				6E5358D81D70FC55001333C3 /* Fun-Facts */,
				6E5358EC1D70FC55001333C3 /* Fun-FactsTests */,
				6E5358F71D70FC55001333C3 /* Fun-FactsUITests */,
			);
		};
/* End PBXProject section */

/* Begin PBXResourcesBuildPhase section */
		6E5358D71D70FC55001333C3 /* Resources */ = {
			isa = PBXResourcesBuildPhase;
			buildActionMask = 2147483647;
			files = (
				6E5358E71D70FC55001333C3 /* LaunchScreen.storyboard in Resources */,
				6E5358E41D70FC55001333C3 /* Assets.xcassets in Resources */,
				6E5358E21D70FC55001333C3 /* Main.storyboard in Resources */,
			);
			runOnlyForDeploymentPostprocessing = 0;
		};
		6E5358EB1D70FC55001333C3 /* Resources */ = {
			isa = PBXResourcesBuildPhase;
			buildActionMask = 2147483647;
			files = (
			);
			runOnlyForDeploymentPostprocessing = 0;
		};
		6E5358F61D70FC55001333C3 /* Resources */ = {
			isa = PBXResourcesBuildPhase;
			buildActionMask = 2147483647;
			files = (
			);
			runOnlyForDeploymentPostprocessing = 0;
		};
/* End PBXResourcesBuildPhase section */

/* Begin PBXSourcesBuildPhase section */
		6E5358D51D70FC55001333C3 /* Sources */ = {
			isa = PBXSourcesBuildPhase;
			buildActionMask = 2147483647;
			files = (
				6E5358DF1D70FC55001333C3 /* ViewController.swift in Sources */,
				6E5358DD1D70FC55001333C3 /* AppDelegate.swift in Sources */,
			);
			runOnlyForDeploymentPostprocessing = 0;
		};
		6E5358E91D70FC55001333C3 /* Sources */ = {
			isa = PBXSourcesBuildPhase;
			buildActionMask = 2147483647;
			files = (
				6E5358F21D70FC55001333C3 /* Fun_FactsTests.swift in Sources */,
			);
			runOnlyForDeploymentPostprocessing = 0;
		};
		6E5358F41D70FC55001333C3 /* Sources */ = {
			isa = PBXSourcesBuildPhase;
			buildActionMask = 2147483647;
			files = (
				6E5358FD1D70FC55001333C3 /* Fun_FactsUITests.swift in Sources */,
			);
			runOnlyForDeploymentPostprocessing = 0;
		};
/* End PBXSourcesBuildPhase section */

/* Begin PBXTargetDependency section */
		6E5358EF1D70FC55001333C3 /* PBXTargetDependency */ = {
			isa = PBXTargetDependency;
			target = 6E5358D81D70FC55001333C3 /* Fun-Facts */;
			targetProxy = 6E5358EE1D70FC55001333C3 /* PBXContainerItemProxy */;
		};
		6E5358FA1D70FC55001333C3 /* PBXTargetDependency */ = {
			isa = PBXTargetDependency;
			target = 6E5358D81D70FC55001333C3 /* Fun-Facts */;
			targetProxy = 6E5358F91D70FC55001333C3 /* PBXContainerItemProxy */;
		};
/* End PBXTargetDependency section */

/* Begin PBXVariantGroup section */
		6E5358E01D70FC55001333C3 /* Main.storyboard */ = {
			isa = PBXVariantGroup;
			children = (
				6E5358E11D70FC55001333C3 /* Base */,
			);
			name = Main.storyboard;
			sourceTree = "<group>";
		};
		6E5358E51D70FC55001333C3 /* LaunchScreen.storyboard */ = {
			isa = PBXVariantGroup;
			children = (
				6E5358E61D70FC55001333C3 /* Base */,
			);
			name = LaunchScreen.storyboard;
			sourceTree = "<group>";
		};
/* End PBXVariantGroup section */

/* Begin XCBuildConfiguration section */
		6E5358FF1D70FC55001333C3 /* Debug */ = {
			isa = XCBuildConfiguration;
			buildSettings = {
				ALWAYS_SEARCH_USER_PATHS = NO;
				CLANG_ANALYZER_NONNULL = YES;
				CLANG_CXX_LANGUAGE_STANDARD = "gnu++0x";
				CLANG_CXX_LIBRARY = "libc++";
				CLANG_ENABLE_MODULES = YES;
				CLANG_ENABLE_OBJC_ARC = YES;
				CLANG_WARN_BOOL_CONVERSION = YES;
				CLANG_WARN_CONSTANT_CONVERSION = YES;
				CLANG_WARN_DIRECT_OBJC_ISA_USAGE = YES_ERROR;
				CLANG_WARN_EMPTY_BODY = YES;
				CLANG_WARN_ENUM_CONVERSION = YES;
				CLANG_WARN_INT_CONVERSION = YES;
				CLANG_WARN_OBJC_ROOT_CLASS = YES_ERROR;
				CLANG_WARN_UNREACHABLE_CODE = YES;
				CLANG_WARN__DUPLICATE_METHOD_MATCH = YES;
				"CODE_SIGN_IDENTITY[sdk=iphoneos*]" = "iPhone Developer";
				COPY_PHASE_STRIP = NO;
				DEBUG_INFORMATION_FORMAT = dwarf;
				ENABLE_STRICT_OBJC_MSGSEND = YES;
				ENABLE_TESTABILITY = YES;
				GCC_C_LANGUAGE_STANDARD = gnu99;
				GCC_DYNAMIC_NO_PIC = NO;
				GCC_NO_COMMON_BLOCKS = YES;
				GCC_OPTIMIZATION_LEVEL = 0;
				GCC_PREPROCESSOR_DEFINITIONS = (
					"DEBUG=1",
					"$(inherited)",
				);
				GCC_WARN_64_TO_32_BIT_CONVERSION = YES;
				GCC_WARN_ABOUT_RETURN_TYPE = YES_ERROR;
				GCC_WARN_UNDECLARED_SELECTOR = YES;
				GCC_WARN_UNINITIALIZED_AUTOS = YES_AGGRESSIVE;
				GCC_WARN_UNUSED_FUNCTION = YES;
				GCC_WARN_UNUSED_VARIABLE = YES;
				IPHONEOS_DEPLOYMENT_TARGET = 9.3;
				MTL_ENABLE_DEBUG_INFO = YES;
				ONLY_ACTIVE_ARCH = YES;
				SDKROOT = iphoneos;
				SWIFT_OPTIMIZATION_LEVEL = "-Onone";
				TARGETED_DEVICE_FAMILY = "1,2";
			};
			name = Debug;
		};
		6E5359001D70FC55001333C3 /* Release */ = {
			isa = XCBuildConfiguration;
			buildSettings = {
				ALWAYS_SEARCH_USER_PATHS = NO;
				CLANG_ANALYZER_NONNULL = YES;
				CLANG_CXX_LANGUAGE_STANDARD = "gnu++0x";
				CLANG_CXX_LIBRARY = "libc++";
				CLANG_ENABLE_MODULES = YES;
				CLANG_ENABLE_OBJC_ARC = YES;
				CLANG_WARN_BOOL_CONVERSION = YES;
				CLANG_WARN_CONSTANT_CONVERSION = YES;
				CLANG_WARN_DIRECT_OBJC_ISA_USAGE = YES_ERROR;
				CLANG_WARN_EMPTY_BODY = YES;
				CLANG_WARN_ENUM_CONVERSION = YES;
				CLANG_WARN_INT_CONVERSION = YES;
				CLANG_WARN_OBJC_ROOT_CLASS = YES_ERROR;
				CLANG_WARN_UNREACHABLE_CODE = YES;
				CLANG_WARN__DUPLICATE_METHOD_MATCH = YES;
				"CODE_SIGN_IDENTITY[sdk=iphoneos*]" = "iPhone Developer";
				COPY_PHASE_STRIP = NO;
				DEBUG_INFORMATION_FORMAT = "dwarf-with-dsym";
				ENABLE_NS_ASSERTIONS = NO;
				ENABLE_STRICT_OBJC_MSGSEND = YES;
				GCC_C_LANGUAGE_STANDARD = gnu99;
				GCC_NO_COMMON_BLOCKS = YES;
				GCC_WARN_64_TO_32_BIT_CONVERSION = YES;
				GCC_WARN_ABOUT_RETURN_TYPE = YES_ERROR;
				GCC_WARN_UNDECLARED_SELECTOR = YES;
				GCC_WARN_UNINITIALIZED_AUTOS = YES_AGGRESSIVE;
				GCC_WARN_UNUSED_FUNCTION = YES;
				GCC_WARN_UNUSED_VARIABLE = YES;
				IPHONEOS_DEPLOYMENT_TARGET = 9.3;
				MTL_ENABLE_DEBUG_INFO = NO;
				SDKROOT = iphoneos;
				TARGETED_DEVICE_FAMILY = "1,2";
				VALIDATE_PRODUCT = YES;
			};
			name = Release;
		};
		6E5359021D70FC55001333C3 /* Debug */ = {
			isa = XCBuildConfiguration;
			buildSettings = {
				ASSETCATALOG_COMPILER_APPICON_NAME = AppIcon;
				INFOPLIST_FILE = "Fun-Facts/Info.plist";
				LD_RUNPATH_SEARCH_PATHS = "$(inherited) @executable_path/Frameworks";
				PRODUCT_BUNDLE_IDENTIFIER = "com.zulwiyozaputra.Fun-Facts";
				PRODUCT_NAME = "$(TARGET_NAME)";
			};
			name = Debug;
		};
		6E5359031D70FC55001333C3 /* Release */ = {
			isa = XCBuildConfiguration;
			buildSettings = {
				ASSETCATALOG_COMPILER_APPICON_NAME = AppIcon;
				INFOPLIST_FILE = "Fun-Facts/Info.plist";
				LD_RUNPATH_SEARCH_PATHS = "$(inherited) @executable_path/Frameworks";
				PRODUCT_BUNDLE_IDENTIFIER = "com.zulwiyozaputra.Fun-Facts";
				PRODUCT_NAME = "$(TARGET_NAME)";
			};
			name = Release;
		};
		6E5359051D70FC55001333C3 /* Debug */ = {
			isa = XCBuildConfiguration;
			buildSettings = {
				BUNDLE_LOADER = "$(TEST_HOST)";
				INFOPLIST_FILE = "Fun-FactsTests/Info.plist";
				LD_RUNPATH_SEARCH_PATHS = "$(inherited) @executable_path/Frameworks @loader_path/Frameworks";
				PRODUCT_BUNDLE_IDENTIFIER = "com.zulwiyozaputra.Fun-FactsTests";
				PRODUCT_NAME = "$(TARGET_NAME)";
				TEST_HOST = "$(BUILT_PRODUCTS_DIR)/Fun-Facts.app/Fun-Facts";
			};
			name = Debug;
		};
		6E5359061D70FC55001333C3 /* Release */ = {
			isa = XCBuildConfiguration;
			buildSettings = {
				BUNDLE_LOADER = "$(TEST_HOST)";
				INFOPLIST_FILE = "Fun-FactsTests/Info.plist";
				LD_RUNPATH_SEARCH_PATHS = "$(inherited) @executable_path/Frameworks @loader_path/Frameworks";
				PRODUCT_BUNDLE_IDENTIFIER = "com.zulwiyozaputra.Fun-FactsTests";
				PRODUCT_NAME = "$(TARGET_NAME)";
				TEST_HOST = "$(BUILT_PRODUCTS_DIR)/Fun-Facts.app/Fun-Facts";
			};
			name = Release;
		};
		6E5359081D70FC55001333C3 /* Debug */ = {
			isa = XCBuildConfiguration;
			buildSettings = {
				INFOPLIST_FILE = "Fun-FactsUITests/Info.plist";
				LD_RUNPATH_SEARCH_PATHS = "$(inherited) @executable_path/Frameworks @loader_path/Frameworks";
				PRODUCT_BUNDLE_IDENTIFIER = "com.zulwiyozaputra.Fun-FactsUITests";
				PRODUCT_NAME = "$(TARGET_NAME)";
				TEST_TARGET_NAME = "Fun-Facts";
			};
			name = Debug;
		};
		6E5359091D70FC55001333C3 /* Release */ = {
			isa = XCBuildConfiguration;
			buildSettings = {
				INFOPLIST_FILE = "Fun-FactsUITests/Info.plist";
				LD_RUNPATH_SEARCH_PATHS = "$(inherited) @executable_path/Frameworks @loader_path/Frameworks";
				PRODUCT_BUNDLE_IDENTIFIER = "com.zulwiyozaputra.Fun-FactsUITests";
				PRODUCT_NAME = "$(TARGET_NAME)";
				TEST_TARGET_NAME = "Fun-Facts";
			};
			name = Release;
		};
/* End XCBuildConfiguration section */

/* Begin XCConfigurationList section */
		6E5358D41D70FC55001333C3 /* Build configuration list for PBXProject "Fun-Facts" */ = {
			isa = XCConfigurationList;
			buildConfigurations = (
				6E5358FF1D70FC55001333C3 /* Debug */,
				6E5359001D70FC55001333C3 /* Release */,
			);
			defaultConfigurationIsVisible = 0;
			defaultConfigurationName = Release;
		};
		6E5359011D70FC55001333C3 /* Build configuration list for PBXNativeTarget "Fun-Facts" */ = {
			isa = XCConfigurationList;
			buildConfigurations = (
				6E5359021D70FC55001333C3 /* Debug */,
				6E5359031D70FC55001333C3 /* Release */,
			);
			defaultConfigurationIsVisible = 0;
		};
		6E5359041D70FC55001333C3 /* Build configuration list for PBXNativeTarget "Fun-FactsTests" */ = {
			isa = XCConfigurationList;
			buildConfigurations = (
				6E5359051D70FC55001333C3 /* Debug */,
				6E5359061D70FC55001333C3 /* Release */,
			);
			defaultConfigurationIsVisible = 0;
		};
		6E5359071D70FC55001333C3 /* Build configuration list for PBXNativeTarget "Fun-FactsUITests" */ = {
			isa = XCConfigurationList;
			buildConfigurations = (
				6E5359081D70FC55001333C3 /* Debug */,
				6E5359091D70FC55001333C3 /* Release */,
			);
			defaultConfigurationIsVisible = 0;
		};
/* End XCConfigurationList section */
	};
	rootObject = 6E5358D11D70FC55001333C3 /* Project object */;
}
